// !$*UTF8*$!
{
	archiveVersion = 1;
	classes = {
	};
	objectVersion = 56;
	objects = {

/* Begin PBXBuildFile section */
		3E065B6429EEE6AD0057A250 /* ZoomableScrollView.swift in Sources */ = {isa = PBXBuildFile; fileRef = 3E065B6329EEE6AD0057A250 /* ZoomableScrollView.swift */; };
		3E065B6629EEE70F0057A250 /* ZoomableImage.swift in Sources */ = {isa = PBXBuildFile; fileRef = 3E065B6529EEE70F0057A250 /* ZoomableImage.swift */; };
		3E0A436C29E5A55900A9D2BE /* Sequence+Extension.swift in Sources */ = {isa = PBXBuildFile; fileRef = 3E0A436B29E5A55900A9D2BE /* Sequence+Extension.swift */; };
		3E0A436E29E5DE9C00A9D2BE /* testcities.json in Resources */ = {isa = PBXBuildFile; fileRef = 3E0A436D29E5DE9C00A9D2BE /* testcities.json */; };
		3E0A437029E5E2B100A9D2BE /* CityImagesResponse.swift in Sources */ = {isa = PBXBuildFile; fileRef = 3E0A436F29E5E2B100A9D2BE /* CityImagesResponse.swift */; };
		3E0A437229E84E1500A9D2BE /* TeleportApiClient.swift in Sources */ = {isa = PBXBuildFile; fileRef = 3E0A437129E84E1500A9D2BE /* TeleportApiClient.swift */; };
		3E0A437729E97B4F00A9D2BE /* JsonService.swift in Sources */ = {isa = PBXBuildFile; fileRef = 3E0A437629E97B4F00A9D2BE /* JsonService.swift */; };
		3E0A437A29E97DFB00A9D2BE /* ReadWrite.swift in Sources */ = {isa = PBXBuildFile; fileRef = 3E0A437929E97DFB00A9D2BE /* ReadWrite.swift */; };
		3E0A437C29E97EB500A9D2BE /* CityService.swift in Sources */ = {isa = PBXBuildFile; fileRef = 3E0A437B29E97EB500A9D2BE /* CityService.swift */; };
		3E0A438029E97EE100A9D2BE /* CityFetching.swift in Sources */ = {isa = PBXBuildFile; fileRef = 3E0A437F29E97EE100A9D2BE /* CityFetching.swift */; };
		3E0A438429E9818400A9D2BE /* TeleportCitiesResponse.swift in Sources */ = {isa = PBXBuildFile; fileRef = 3E0A438329E9818400A9D2BE /* TeleportCitiesResponse.swift */; };
		3E0A438629E981B100A9D2BE /* TeleportCity.swift in Sources */ = {isa = PBXBuildFile; fileRef = 3E0A438529E981B100A9D2BE /* TeleportCity.swift */; };
		3E0A438829E981DF00A9D2BE /* TeleportImageResponse.swift in Sources */ = {isa = PBXBuildFile; fileRef = 3E0A438729E981DF00A9D2BE /* TeleportImageResponse.swift */; };
		3E0A438B29E9C34400A9D2BE /* GameEndView.swift in Sources */ = {isa = PBXBuildFile; fileRef = 3E0A438A29E9C34400A9D2BE /* GameEndView.swift */; };
		3E0A439229E9E3E700A9D2BE /* CachedAsyncImage in Frameworks */ = {isa = PBXBuildFile; productRef = 3E0A439129E9E3E700A9D2BE /* CachedAsyncImage */; };
		3E298FB929F7FEA300A861F0 /* VerticalTextAnimationViewModel.swift in Sources */ = {isa = PBXBuildFile; fileRef = 3E298FB829F7FEA300A861F0 /* VerticalTextAnimationViewModel.swift */; };
		3E298FBB29F80C2D00A861F0 /* AnimationType.swift in Sources */ = {isa = PBXBuildFile; fileRef = 3E298FBA29F80C2D00A861F0 /* AnimationType.swift */; };
		3E2B497E29F86F9E00260B88 /* HapticsManager.swift in Sources */ = {isa = PBXBuildFile; fileRef = 3E2B497D29F86F9E00260B88 /* HapticsManager.swift */; };
		3E2B498229F96F8B00260B88 /* String+Extension.swift in Sources */ = {isa = PBXBuildFile; fileRef = 3E2B498129F96F8B00260B88 /* String+Extension.swift */; };
		3E2B498A29F97DBF00260B88 /* StringExtensionTests.swift in Sources */ = {isa = PBXBuildFile; fileRef = 3E2B498929F97DBF00260B88 /* StringExtensionTests.swift */; };
		3E64ADA729DEFD5300DCCF2E /* CityGuessApp.swift in Sources */ = {isa = PBXBuildFile; fileRef = 3E64ADA629DEFD5300DCCF2E /* CityGuessApp.swift */; };
		3E64ADA929DEFD5300DCCF2E /* GameView.swift in Sources */ = {isa = PBXBuildFile; fileRef = 3E64ADA829DEFD5300DCCF2E /* GameView.swift */; };
		3E64ADAB29DEFD5400DCCF2E /* Assets.xcassets in Resources */ = {isa = PBXBuildFile; fileRef = 3E64ADAA29DEFD5400DCCF2E /* Assets.xcassets */; };
		3E64ADAE29DEFD5400DCCF2E /* Preview Assets.xcassets in Resources */ = {isa = PBXBuildFile; fileRef = 3E64ADAD29DEFD5400DCCF2E /* Preview Assets.xcassets */; };
		3E64ADB529DEFD5F00DCCF2E /* NetworkManager.swift in Sources */ = {isa = PBXBuildFile; fileRef = 3E64ADB429DEFD5F00DCCF2E /* NetworkManager.swift */; };
		3E9C7D4529E9ED290073CCE4 /* ContentView.swift in Sources */ = {isa = PBXBuildFile; fileRef = 3E9C7D4429E9ED290073CCE4 /* ContentView.swift */; };
		3E9C7D4729EDDCA30073CCE4 /* CityGuessViewModel.swift in Sources */ = {isa = PBXBuildFile; fileRef = 3E9C7D4629EDDCA30073CCE4 /* CityGuessViewModel.swift */; };
		3E9C7D4929EDDD1D0073CCE4 /* CityGuessViewModel+DefaultBehavior.swift in Sources */ = {isa = PBXBuildFile; fileRef = 3E9C7D4829EDDD1D0073CCE4 /* CityGuessViewModel+DefaultBehavior.swift */; };
		3E9C7D4B29EDDD6A0073CCE4 /* DailyChallengeViewModel.swift in Sources */ = {isa = PBXBuildFile; fileRef = 3E9C7D4A29EDDD6A0073CCE4 /* DailyChallengeViewModel.swift */; };
		3EBC175B29F84CF100A0B353 /* ProgressBar.swift in Sources */ = {isa = PBXBuildFile; fileRef = 3EBC175A29F84CF100A0B353 /* ProgressBar.swift */; };
		3EBC175F29F851D800A0B353 /* Answer.swift in Sources */ = {isa = PBXBuildFile; fileRef = 3EBC175E29F851D800A0B353 /* Answer.swift */; };
		3EBC176129F86B3E00A0B353 /* skyscraper.json in Resources */ = {isa = PBXBuildFile; fileRef = 3EBC176029F86B3E00A0B353 /* skyscraper.json */; };
		3EC3688D29F302A600AE92D9 /* FloatingAnimationView.swift in Sources */ = {isa = PBXBuildFile; fileRef = 3EC3688C29F302A600AE92D9 /* FloatingAnimationView.swift */; };
		3EC3688F29F3032B00AE92D9 /* VerticalTextAnimationView.swift in Sources */ = {isa = PBXBuildFile; fileRef = 3EC3688E29F3032B00AE92D9 /* VerticalTextAnimationView.swift */; };
		3EEB998A29E43C4700514F79 /* CityImage.swift in Sources */ = {isa = PBXBuildFile; fileRef = 3EEB998929E43C4700514F79 /* CityImage.swift */; };
		3EEB998C29E43C6000514F79 /* RedditClient.swift in Sources */ = {isa = PBXBuildFile; fileRef = 3EEB998B29E43C6000514F79 /* RedditClient.swift */; };
		3EEB999229E4580600514F79 /* bigcities.json in Resources */ = {isa = PBXBuildFile; fileRef = 3EEB999129E4580600514F79 /* bigcities.json */; };
		3EEB999429E4679B00514F79 /* GeoNamesCity.swift in Sources */ = {isa = PBXBuildFile; fileRef = 3EEB999329E4679B00514F79 /* GeoNamesCity.swift */; };
		3EEB999829E4697200514F79 /* Bundle+Extension.swift in Sources */ = {isa = PBXBuildFile; fileRef = 3EEB999729E4697200514F79 /* Bundle+Extension.swift */; };
		3EEB999B29E47CEB00514F79 /* LocalCityService.swift in Sources */ = {isa = PBXBuildFile; fileRef = 3EEB999A29E47CEB00514F79 /* LocalCityService.swift */; };
		3EEB999E29E47E4400514F79 /* TrainingViewModel.swift in Sources */ = {isa = PBXBuildFile; fileRef = 3EEB999D29E47E4400514F79 /* TrainingViewModel.swift */; };
		3EEB99A229E491E000514F79 /* GameStartView.swift in Sources */ = {isa = PBXBuildFile; fileRef = 3EEB99A129E491E000514F79 /* GameStartView.swift */; };
		3EEB99A429E4923100514F79 /* CityGuessView.swift in Sources */ = {isa = PBXBuildFile; fileRef = 3EEB99A329E4923100514F79 /* CityGuessView.swift */; };
		3EEF7F6F29EEEB7900EEBE9D /* CityGuessTextField.swift in Sources */ = {isa = PBXBuildFile; fileRef = 3EEF7F6E29EEEB7900EEBE9D /* CityGuessTextField.swift */; };
		3EEF7F7129EEEC8E00EEBE9D /* AutofillSuggestionsView.swift in Sources */ = {isa = PBXBuildFile; fileRef = 3EEF7F7029EEEC8E00EEBE9D /* AutofillSuggestionsView.swift */; };
		3EEF7F7729F2BE9D00EEBE9D /* correct.json in Resources */ = {isa = PBXBuildFile; fileRef = 3EEF7F7629F2BE9D00EEBE9D /* correct.json */; };
		3EEF7F7929F2BEDC00EEBE9D /* incorrect.json in Resources */ = {isa = PBXBuildFile; fileRef = 3EEF7F7829F2BEDC00EEBE9D /* incorrect.json */; };
		3EEF7F7C29F2BF5600EEBE9D /* Lottie in Frameworks */ = {isa = PBXBuildFile; productRef = 3EEF7F7B29F2BF5600EEBE9D /* Lottie */; };
		3EEF7F7E29F2BF7600EEBE9D /* LottieView.swift in Sources */ = {isa = PBXBuildFile; fileRef = 3EEF7F7D29F2BF7600EEBE9D /* LottieView.swift */; };
/* End PBXBuildFile section */

/* Begin PBXContainerItemProxy section */
		3E2B498B29F97DBF00260B88 /* PBXContainerItemProxy */ = {
			isa = PBXContainerItemProxy;
			containerPortal = 3E64AD9B29DEFD5300DCCF2E /* Project object */;
			proxyType = 1;
			remoteGlobalIDString = 3E64ADA229DEFD5300DCCF2E;
			remoteInfo = CityGuess;
		};
/* End PBXContainerItemProxy section */

/* Begin PBXFileReference section */
		3E065B6329EEE6AD0057A250 /* ZoomableScrollView.swift */ = {isa = PBXFileReference; lastKnownFileType = sourcecode.swift; path = ZoomableScrollView.swift; sourceTree = "<group>"; };
		3E065B6529EEE70F0057A250 /* ZoomableImage.swift */ = {isa = PBXFileReference; lastKnownFileType = sourcecode.swift; path = ZoomableImage.swift; sourceTree = "<group>"; };
		3E0A436B29E5A55900A9D2BE /* Sequence+Extension.swift */ = {isa = PBXFileReference; lastKnownFileType = sourcecode.swift; path = "Sequence+Extension.swift"; sourceTree = "<group>"; };
		3E0A436D29E5DE9C00A9D2BE /* testcities.json */ = {isa = PBXFileReference; lastKnownFileType = text.json; path = testcities.json; sourceTree = "<group>"; };
		3E0A436F29E5E2B100A9D2BE /* CityImagesResponse.swift */ = {isa = PBXFileReference; lastKnownFileType = sourcecode.swift; path = CityImagesResponse.swift; sourceTree = "<group>"; };
		3E0A437129E84E1500A9D2BE /* TeleportApiClient.swift */ = {isa = PBXFileReference; lastKnownFileType = sourcecode.swift; path = TeleportApiClient.swift; sourceTree = "<group>"; };
		3E0A437629E97B4F00A9D2BE /* JsonService.swift */ = {isa = PBXFileReference; lastKnownFileType = sourcecode.swift; path = JsonService.swift; sourceTree = "<group>"; };
		3E0A437929E97DFB00A9D2BE /* ReadWrite.swift */ = {isa = PBXFileReference; lastKnownFileType = sourcecode.swift; path = ReadWrite.swift; sourceTree = "<group>"; };
		3E0A437B29E97EB500A9D2BE /* CityService.swift */ = {isa = PBXFileReference; lastKnownFileType = sourcecode.swift; path = CityService.swift; sourceTree = "<group>"; };
		3E0A437F29E97EE100A9D2BE /* CityFetching.swift */ = {isa = PBXFileReference; lastKnownFileType = sourcecode.swift; path = CityFetching.swift; sourceTree = "<group>"; };
		3E0A438329E9818400A9D2BE /* TeleportCitiesResponse.swift */ = {isa = PBXFileReference; lastKnownFileType = sourcecode.swift; path = TeleportCitiesResponse.swift; sourceTree = "<group>"; };
		3E0A438529E981B100A9D2BE /* TeleportCity.swift */ = {isa = PBXFileReference; lastKnownFileType = sourcecode.swift; path = TeleportCity.swift; sourceTree = "<group>"; };
		3E0A438729E981DF00A9D2BE /* TeleportImageResponse.swift */ = {isa = PBXFileReference; lastKnownFileType = sourcecode.swift; path = TeleportImageResponse.swift; sourceTree = "<group>"; };
		3E0A438A29E9C34400A9D2BE /* GameEndView.swift */ = {isa = PBXFileReference; lastKnownFileType = sourcecode.swift; path = GameEndView.swift; sourceTree = "<group>"; };
		3E298FB829F7FEA300A861F0 /* VerticalTextAnimationViewModel.swift */ = {isa = PBXFileReference; lastKnownFileType = sourcecode.swift; path = VerticalTextAnimationViewModel.swift; sourceTree = "<group>"; };
		3E298FBA29F80C2D00A861F0 /* AnimationType.swift */ = {isa = PBXFileReference; lastKnownFileType = sourcecode.swift; path = AnimationType.swift; sourceTree = "<group>"; };
		3E2B497D29F86F9E00260B88 /* HapticsManager.swift */ = {isa = PBXFileReference; lastKnownFileType = sourcecode.swift; path = HapticsManager.swift; sourceTree = "<group>"; };
		3E2B498129F96F8B00260B88 /* String+Extension.swift */ = {isa = PBXFileReference; lastKnownFileType = sourcecode.swift; path = "String+Extension.swift"; sourceTree = "<group>"; };
		3E2B498729F97DBF00260B88 /* CityGuessTests.xctest */ = {isa = PBXFileReference; explicitFileType = wrapper.cfbundle; includeInIndex = 0; path = CityGuessTests.xctest; sourceTree = BUILT_PRODUCTS_DIR; };
		3E2B498929F97DBF00260B88 /* StringExtensionTests.swift */ = {isa = PBXFileReference; lastKnownFileType = sourcecode.swift; path = StringExtensionTests.swift; sourceTree = "<group>"; };
		3E64ADA329DEFD5300DCCF2E /* CityGuess.app */ = {isa = PBXFileReference; explicitFileType = wrapper.application; includeInIndex = 0; path = CityGuess.app; sourceTree = BUILT_PRODUCTS_DIR; };
		3E64ADA629DEFD5300DCCF2E /* CityGuessApp.swift */ = {isa = PBXFileReference; lastKnownFileType = sourcecode.swift; path = CityGuessApp.swift; sourceTree = "<group>"; };
		3E64ADA829DEFD5300DCCF2E /* GameView.swift */ = {isa = PBXFileReference; lastKnownFileType = sourcecode.swift; path = GameView.swift; sourceTree = "<group>"; };
		3E64ADAA29DEFD5400DCCF2E /* Assets.xcassets */ = {isa = PBXFileReference; lastKnownFileType = folder.assetcatalog; path = Assets.xcassets; sourceTree = "<group>"; };
		3E64ADAD29DEFD5400DCCF2E /* Preview Assets.xcassets */ = {isa = PBXFileReference; lastKnownFileType = folder.assetcatalog; path = "Preview Assets.xcassets"; sourceTree = "<group>"; };
		3E64ADB429DEFD5F00DCCF2E /* NetworkManager.swift */ = {isa = PBXFileReference; fileEncoding = 4; lastKnownFileType = sourcecode.swift; path = NetworkManager.swift; sourceTree = "<group>"; };
		3E9C7D4429E9ED290073CCE4 /* ContentView.swift */ = {isa = PBXFileReference; lastKnownFileType = sourcecode.swift; path = ContentView.swift; sourceTree = "<group>"; };
		3E9C7D4629EDDCA30073CCE4 /* CityGuessViewModel.swift */ = {isa = PBXFileReference; lastKnownFileType = sourcecode.swift; path = CityGuessViewModel.swift; sourceTree = "<group>"; };
		3E9C7D4829EDDD1D0073CCE4 /* CityGuessViewModel+DefaultBehavior.swift */ = {isa = PBXFileReference; lastKnownFileType = sourcecode.swift; path = "CityGuessViewModel+DefaultBehavior.swift"; sourceTree = "<group>"; };
		3E9C7D4A29EDDD6A0073CCE4 /* DailyChallengeViewModel.swift */ = {isa = PBXFileReference; lastKnownFileType = sourcecode.swift; path = DailyChallengeViewModel.swift; sourceTree = "<group>"; };
		3EBC175A29F84CF100A0B353 /* ProgressBar.swift */ = {isa = PBXFileReference; lastKnownFileType = sourcecode.swift; path = ProgressBar.swift; sourceTree = "<group>"; };
		3EBC175E29F851D800A0B353 /* Answer.swift */ = {isa = PBXFileReference; lastKnownFileType = sourcecode.swift; path = Answer.swift; sourceTree = "<group>"; };
		3EBC176029F86B3E00A0B353 /* skyscraper.json */ = {isa = PBXFileReference; fileEncoding = 4; lastKnownFileType = text.json; path = skyscraper.json; sourceTree = "<group>"; };
		3EC3688C29F302A600AE92D9 /* FloatingAnimationView.swift */ = {isa = PBXFileReference; lastKnownFileType = sourcecode.swift; path = FloatingAnimationView.swift; sourceTree = "<group>"; };
		3EC3688E29F3032B00AE92D9 /* VerticalTextAnimationView.swift */ = {isa = PBXFileReference; lastKnownFileType = sourcecode.swift; path = VerticalTextAnimationView.swift; sourceTree = "<group>"; };
		3EEB998929E43C4700514F79 /* CityImage.swift */ = {isa = PBXFileReference; lastKnownFileType = sourcecode.swift; path = CityImage.swift; sourceTree = "<group>"; };
		3EEB998B29E43C6000514F79 /* RedditClient.swift */ = {isa = PBXFileReference; lastKnownFileType = sourcecode.swift; path = RedditClient.swift; sourceTree = "<group>"; };
		3EEB999129E4580600514F79 /* bigcities.json */ = {isa = PBXFileReference; fileEncoding = 4; lastKnownFileType = text.json; path = bigcities.json; sourceTree = "<group>"; };
		3EEB999329E4679B00514F79 /* GeoNamesCity.swift */ = {isa = PBXFileReference; lastKnownFileType = sourcecode.swift; path = GeoNamesCity.swift; sourceTree = "<group>"; };
		3EEB999729E4697200514F79 /* Bundle+Extension.swift */ = {isa = PBXFileReference; lastKnownFileType = sourcecode.swift; path = "Bundle+Extension.swift"; sourceTree = "<group>"; };
		3EEB999A29E47CEB00514F79 /* LocalCityService.swift */ = {isa = PBXFileReference; lastKnownFileType = sourcecode.swift; path = LocalCityService.swift; sourceTree = "<group>"; };
		3EEB999D29E47E4400514F79 /* TrainingViewModel.swift */ = {isa = PBXFileReference; lastKnownFileType = sourcecode.swift; path = TrainingViewModel.swift; sourceTree = "<group>"; };
		3EEB99A129E491E000514F79 /* GameStartView.swift */ = {isa = PBXFileReference; lastKnownFileType = sourcecode.swift; path = GameStartView.swift; sourceTree = "<group>"; };
		3EEB99A329E4923100514F79 /* CityGuessView.swift */ = {isa = PBXFileReference; lastKnownFileType = sourcecode.swift; path = CityGuessView.swift; sourceTree = "<group>"; };
		3EEF7F6E29EEEB7900EEBE9D /* CityGuessTextField.swift */ = {isa = PBXFileReference; lastKnownFileType = sourcecode.swift; path = CityGuessTextField.swift; sourceTree = "<group>"; };
		3EEF7F7029EEEC8E00EEBE9D /* AutofillSuggestionsView.swift */ = {isa = PBXFileReference; lastKnownFileType = sourcecode.swift; path = AutofillSuggestionsView.swift; sourceTree = "<group>"; };
		3EEF7F7629F2BE9D00EEBE9D /* correct.json */ = {isa = PBXFileReference; fileEncoding = 4; lastKnownFileType = text.json; path = correct.json; sourceTree = "<group>"; };
		3EEF7F7829F2BEDC00EEBE9D /* incorrect.json */ = {isa = PBXFileReference; fileEncoding = 4; lastKnownFileType = text.json; path = incorrect.json; sourceTree = "<group>"; };
		3EEF7F7D29F2BF7600EEBE9D /* LottieView.swift */ = {isa = PBXFileReference; lastKnownFileType = sourcecode.swift; path = LottieView.swift; sourceTree = "<group>"; };
/* End PBXFileReference section */

/* Begin PBXFrameworksBuildPhase section */
		3E2B498429F97DBF00260B88 /* Frameworks */ = {
			isa = PBXFrameworksBuildPhase;
			buildActionMask = 2147483647;
			files = (
			);
			runOnlyForDeploymentPostprocessing = 0;
		};
		3E64ADA029DEFD5300DCCF2E /* Frameworks */ = {
			isa = PBXFrameworksBuildPhase;
			buildActionMask = 2147483647;
			files = (
				3E0A439229E9E3E700A9D2BE /* CachedAsyncImage in Frameworks */,
				3EEF7F7C29F2BF5600EEBE9D /* Lottie in Frameworks */,
			);
			runOnlyForDeploymentPostprocessing = 0;
		};
/* End PBXFrameworksBuildPhase section */

/* Begin PBXGroup section */
		3E0A437829E97DBC00A9D2BE /* Protocols */ = {
			isa = PBXGroup;
			children = (
				3E0A437929E97DFB00A9D2BE /* ReadWrite.swift */,
				3E0A437B29E97EB500A9D2BE /* CityService.swift */,
				3E0A437F29E97EE100A9D2BE /* CityFetching.swift */,
				3E9C7D4629EDDCA30073CCE4 /* CityGuessViewModel.swift */,
			);
			path = Protocols;
			sourceTree = "<group>";
		};
		3E0A438229E9817600A9D2BE /* TeleportApi */ = {
			isa = PBXGroup;
			children = (
				3E0A438929E9AD0D00A9D2BE /* Reddit */,
				3E0A438329E9818400A9D2BE /* TeleportCitiesResponse.swift */,
				3E0A438529E981B100A9D2BE /* TeleportCity.swift */,
				3E0A438729E981DF00A9D2BE /* TeleportImageResponse.swift */,
			);
			path = TeleportApi;
			sourceTree = "<group>";
		};
		3E0A438929E9AD0D00A9D2BE /* Reddit */ = {
			isa = PBXGroup;
			children = (
				3E0A436F29E5E2B100A9D2BE /* CityImagesResponse.swift */,
			);
			path = Reddit;
			sourceTree = "<group>";
		};
		3E2B498829F97DBF00260B88 /* CityGuessTests */ = {
			isa = PBXGroup;
			children = (
				3E2B498929F97DBF00260B88 /* StringExtensionTests.swift */,
			);
			path = CityGuessTests;
			sourceTree = "<group>";
		};
		3E64AD9A29DEFD5300DCCF2E = {
			isa = PBXGroup;
			children = (
				3E64ADA529DEFD5300DCCF2E /* CityGuess */,
				3E2B498829F97DBF00260B88 /* CityGuessTests */,
				3E64ADA429DEFD5300DCCF2E /* Products */,
			);
			sourceTree = "<group>";
		};
		3E64ADA429DEFD5300DCCF2E /* Products */ = {
			isa = PBXGroup;
			children = (
				3E64ADA329DEFD5300DCCF2E /* CityGuess.app */,
				3E2B498729F97DBF00260B88 /* CityGuessTests.xctest */,
			);
			name = Products;
			sourceTree = "<group>";
		};
		3E64ADA529DEFD5300DCCF2E /* CityGuess */ = {
			isa = PBXGroup;
			children = (
				3E64ADA629DEFD5300DCCF2E /* CityGuessApp.swift */,
				3EEF7F7529F2BE8B00EEBE9D /* LottieFiles */,
				3EEB99A029E4909D00514F79 /* Views */,
				3EEB999C29E47E3600514F79 /* ViewModel */,
				3EEB999929E47CDD00514F79 /* Service */,
				3EEB999629E467CD00514F79 /* Network */,
				3EEB999529E467C200514F79 /* Model */,
				3E0A437829E97DBC00A9D2BE /* Protocols */,
				3EEB999129E4580600514F79 /* bigcities.json */,
				3E64ADAA29DEFD5400DCCF2E /* Assets.xcassets */,
				3EEB999F29E4906300514F79 /* Extensions */,
				3E64ADAC29DEFD5400DCCF2E /* Preview Content */,
			);
			path = CityGuess;
			sourceTree = "<group>";
		};
		3E64ADAC29DEFD5400DCCF2E /* Preview Content */ = {
			isa = PBXGroup;
			children = (
				3E64ADAD29DEFD5400DCCF2E /* Preview Assets.xcassets */,
				3E0A436D29E5DE9C00A9D2BE /* testcities.json */,
			);
			path = "Preview Content";
			sourceTree = "<group>";
		};
		3EEB999529E467C200514F79 /* Model */ = {
			isa = PBXGroup;
			children = (
				3E0A438229E9817600A9D2BE /* TeleportApi */,
				3EEB998929E43C4700514F79 /* CityImage.swift */,
				3EEB999329E4679B00514F79 /* GeoNamesCity.swift */,
				3E298FBA29F80C2D00A861F0 /* AnimationType.swift */,
				3EBC175E29F851D800A0B353 /* Answer.swift */,
				3E2B497D29F86F9E00260B88 /* HapticsManager.swift */,
			);
			path = Model;
			sourceTree = "<group>";
		};
		3EEB999629E467CD00514F79 /* Network */ = {
			isa = PBXGroup;
			children = (
				3E64ADB429DEFD5F00DCCF2E /* NetworkManager.swift */,
				3EEB998B29E43C6000514F79 /* RedditClient.swift */,
				3E0A437129E84E1500A9D2BE /* TeleportApiClient.swift */,
			);
			path = Network;
			sourceTree = "<group>";
		};
		3EEB999929E47CDD00514F79 /* Service */ = {
			isa = PBXGroup;
			children = (
				3EEB999A29E47CEB00514F79 /* LocalCityService.swift */,
				3E0A437629E97B4F00A9D2BE /* JsonService.swift */,
			);
			path = Service;
			sourceTree = "<group>";
		};
		3EEB999C29E47E3600514F79 /* ViewModel */ = {
			isa = PBXGroup;
			children = (
				3E9C7D4829EDDD1D0073CCE4 /* CityGuessViewModel+DefaultBehavior.swift */,
				3EEB999D29E47E4400514F79 /* TrainingViewModel.swift */,
				3E9C7D4A29EDDD6A0073CCE4 /* DailyChallengeViewModel.swift */,
				3E298FB829F7FEA300A861F0 /* VerticalTextAnimationViewModel.swift */,
			);
			path = ViewModel;
			sourceTree = "<group>";
		};
		3EEB999F29E4906300514F79 /* Extensions */ = {
			isa = PBXGroup;
			children = (
				3EEB999729E4697200514F79 /* Bundle+Extension.swift */,
				3E0A436B29E5A55900A9D2BE /* Sequence+Extension.swift */,
				3E2B498129F96F8B00260B88 /* String+Extension.swift */,
			);
			path = Extensions;
			sourceTree = "<group>";
		};
		3EEB99A029E4909D00514F79 /* Views */ = {
			isa = PBXGroup;
			children = (
				3E9C7D4429E9ED290073CCE4 /* ContentView.swift */,
				3E64ADA829DEFD5300DCCF2E /* GameView.swift */,
				3EEF7F7329EF03BA00EEBE9D /* CityGuessView */,
				3EEB99A129E491E000514F79 /* GameStartView.swift */,
				3E0A438A29E9C34400A9D2BE /* GameEndView.swift */,
			);
			path = Views;
			sourceTree = "<group>";
		};
		3EEF7F7329EF03BA00EEBE9D /* CityGuessView */ = {
			isa = PBXGroup;
			children = (
				3EEB99A329E4923100514F79 /* CityGuessView.swift */,
				3E065B6529EEE70F0057A250 /* ZoomableImage.swift */,
				3EEF7F7029EEEC8E00EEBE9D /* AutofillSuggestionsView.swift */,
				3EEF7F6E29EEEB7900EEBE9D /* CityGuessTextField.swift */,
				3E065B6329EEE6AD0057A250 /* ZoomableScrollView.swift */,
				3EC3688C29F302A600AE92D9 /* FloatingAnimationView.swift */,
				3EC3688E29F3032B00AE92D9 /* VerticalTextAnimationView.swift */,
				3EBC175A29F84CF100A0B353 /* ProgressBar.swift */,
			);
			path = CityGuessView;
			sourceTree = "<group>";
		};
		3EEF7F7529F2BE8B00EEBE9D /* LottieFiles */ = {
			isa = PBXGroup;
			children = (
				3EEF7F7629F2BE9D00EEBE9D /* correct.json */,
				3EEF7F7829F2BEDC00EEBE9D /* incorrect.json */,
				3EBC176029F86B3E00A0B353 /* skyscraper.json */,
				3EEF7F7D29F2BF7600EEBE9D /* LottieView.swift */,
			);
			path = LottieFiles;
			sourceTree = "<group>";
		};
/* End PBXGroup section */

/* Begin PBXNativeTarget section */
		3E2B498629F97DBF00260B88 /* CityGuessTests */ = {
			isa = PBXNativeTarget;
			buildConfigurationList = 3E2B498D29F97DBF00260B88 /* Build configuration list for PBXNativeTarget "CityGuessTests" */;
			buildPhases = (
				3E2B498329F97DBF00260B88 /* Sources */,
				3E2B498429F97DBF00260B88 /* Frameworks */,
				3E2B498529F97DBF00260B88 /* Resources */,
			);
			buildRules = (
			);
			dependencies = (
				3E2B498C29F97DBF00260B88 /* PBXTargetDependency */,
			);
			name = CityGuessTests;
			productName = CityGuessTests;
			productReference = 3E2B498729F97DBF00260B88 /* CityGuessTests.xctest */;
			productType = "com.apple.product-type.bundle.unit-test";
		};
		3E64ADA229DEFD5300DCCF2E /* CityGuess */ = {
			isa = PBXNativeTarget;
			buildConfigurationList = 3E64ADB129DEFD5400DCCF2E /* Build configuration list for PBXNativeTarget "CityGuess" */;
			buildPhases = (
				3E64AD9F29DEFD5300DCCF2E /* Sources */,
				3E64ADA029DEFD5300DCCF2E /* Frameworks */,
				3E64ADA129DEFD5300DCCF2E /* Resources */,
				3EEF7F7429F0381200EEBE9D /* SwiftLint */,
			);
			buildRules = (
			);
			dependencies = (
			);
			name = CityGuess;
			packageProductDependencies = (
				3E0A439129E9E3E700A9D2BE /* CachedAsyncImage */,
				3EEF7F7B29F2BF5600EEBE9D /* Lottie */,
			);
			productName = CityGuess;
			productReference = 3E64ADA329DEFD5300DCCF2E /* CityGuess.app */;
			productType = "com.apple.product-type.application";
		};
/* End PBXNativeTarget section */

/* Begin PBXProject section */
		3E64AD9B29DEFD5300DCCF2E /* Project object */ = {
			isa = PBXProject;
			attributes = {
				BuildIndependentTargetsInParallel = 1;
				LastSwiftUpdateCheck = 1420;
				LastUpgradeCheck = 1420;
				TargetAttributes = {
					3E2B498629F97DBF00260B88 = {
						CreatedOnToolsVersion = 14.2;
						TestTargetID = 3E64ADA229DEFD5300DCCF2E;
					};
					3E64ADA229DEFD5300DCCF2E = {
						CreatedOnToolsVersion = 14.2;
					};
				};
			};
			buildConfigurationList = 3E64AD9E29DEFD5300DCCF2E /* Build configuration list for PBXProject "CityGuess" */;
			compatibilityVersion = "Xcode 14.0";
			developmentRegion = en;
			hasScannedForEncodings = 0;
			knownRegions = (
				en,
				Base,
			);
			mainGroup = 3E64AD9A29DEFD5300DCCF2E;
			packageReferences = (
				3EEB998629DF69AC00514F79 /* XCRemoteSwiftPackageReference "SwiftUl" */,
				3E0A439029E9E3E700A9D2BE /* XCRemoteSwiftPackageReference "swiftui-cached-async-image" */,
				3EEF7F7A29F2BF5600EEBE9D /* XCRemoteSwiftPackageReference "lottie-ios" */,
			);
			productRefGroup = 3E64ADA429DEFD5300DCCF2E /* Products */;
			projectDirPath = "";
			projectRoot = "";
			targets = (
				3E64ADA229DEFD5300DCCF2E /* CityGuess */,
				3E2B498629F97DBF00260B88 /* CityGuessTests */,
			);
		};
/* End PBXProject section */

/* Begin PBXResourcesBuildPhase section */
		3E2B498529F97DBF00260B88 /* Resources */ = {
			isa = PBXResourcesBuildPhase;
			buildActionMask = 2147483647;
			files = (
			);
			runOnlyForDeploymentPostprocessing = 0;
		};
		3E64ADA129DEFD5300DCCF2E /* Resources */ = {
			isa = PBXResourcesBuildPhase;
			buildActionMask = 2147483647;
			files = (
				3E0A436E29E5DE9C00A9D2BE /* testcities.json in Resources */,
				3EBC176129F86B3E00A0B353 /* skyscraper.json in Resources */,
				3EEB999229E4580600514F79 /* bigcities.json in Resources */,
				3EEF7F7929F2BEDC00EEBE9D /* incorrect.json in Resources */,
				3E64ADAE29DEFD5400DCCF2E /* Preview Assets.xcassets in Resources */,
				3EEF7F7729F2BE9D00EEBE9D /* correct.json in Resources */,
				3E64ADAB29DEFD5400DCCF2E /* Assets.xcassets in Resources */,
			);
			runOnlyForDeploymentPostprocessing = 0;
		};
/* End PBXResourcesBuildPhase section */

/* Begin PBXShellScriptBuildPhase section */
		3EEF7F7429F0381200EEBE9D /* SwiftLint */ = {
			isa = PBXShellScriptBuildPhase;
			buildActionMask = 2147483647;
			files = (
			);
			inputFileListPaths = (
			);
			inputPaths = (
			);
			name = SwiftLint;
			outputFileListPaths = (
			);
			outputPaths = (
			);
			runOnlyForDeploymentPostprocessing = 0;
			shellPath = /bin/sh;
			shellScript = "if [[ \"$(uname -m)\" == arm64 ]]; then\n    export PATH=\"/opt/homebrew/bin:$PATH\"\nfi\n\nif which swiftlint > /dev/null; then\n  swiftlint\nelse\n  echo \"warning: SwiftLint not installed, download from https://github.com/realm/SwiftLint\"\nfi\n";
		};
/* End PBXShellScriptBuildPhase section */

/* Begin PBXSourcesBuildPhase section */
		3E2B498329F97DBF00260B88 /* Sources */ = {
			isa = PBXSourcesBuildPhase;
			buildActionMask = 2147483647;
			files = (
				3E2B498A29F97DBF00260B88 /* StringExtensionTests.swift in Sources */,
			);
			runOnlyForDeploymentPostprocessing = 0;
		};
		3E64AD9F29DEFD5300DCCF2E /* Sources */ = {
			isa = PBXSourcesBuildPhase;
			buildActionMask = 2147483647;
			files = (
				3EEB999829E4697200514F79 /* Bundle+Extension.swift in Sources */,
				3E0A437A29E97DFB00A9D2BE /* ReadWrite.swift in Sources */,
				3E9C7D4529E9ED290073CCE4 /* ContentView.swift in Sources */,
				3E298FBB29F80C2D00A861F0 /* AnimationType.swift in Sources */,
				3EEB99A429E4923100514F79 /* CityGuessView.swift in Sources */,
				3E065B6429EEE6AD0057A250 /* ZoomableScrollView.swift in Sources */,
				3EC3688D29F302A600AE92D9 /* FloatingAnimationView.swift in Sources */,
				3E298FB929F7FEA300A861F0 /* VerticalTextAnimationViewModel.swift in Sources */,
				3E0A436C29E5A55900A9D2BE /* Sequence+Extension.swift in Sources */,
				3EEB99A229E491E000514F79 /* GameStartView.swift in Sources */,
				3E64ADB529DEFD5F00DCCF2E /* NetworkManager.swift in Sources */,
				3E9C7D4729EDDCA30073CCE4 /* CityGuessViewModel.swift in Sources */,
				3E0A437729E97B4F00A9D2BE /* JsonService.swift in Sources */,
				3E0A438829E981DF00A9D2BE /* TeleportImageResponse.swift in Sources */,
				3E0A438629E981B100A9D2BE /* TeleportCity.swift in Sources */,
				3EEF7F6F29EEEB7900EEBE9D /* CityGuessTextField.swift in Sources */,
				3EEB998C29E43C6000514F79 /* RedditClient.swift in Sources */,
				3EEB999429E4679B00514F79 /* GeoNamesCity.swift in Sources */,
				3EEB999E29E47E4400514F79 /* TrainingViewModel.swift in Sources */,
				3E2B498229F96F8B00260B88 /* String+Extension.swift in Sources */,
				3E0A438429E9818400A9D2BE /* TeleportCitiesResponse.swift in Sources */,
				3EEF7F7E29F2BF7600EEBE9D /* LottieView.swift in Sources */,
				3E0A437C29E97EB500A9D2BE /* CityService.swift in Sources */,
				3EBC175B29F84CF100A0B353 /* ProgressBar.swift in Sources */,
				3E0A438029E97EE100A9D2BE /* CityFetching.swift in Sources */,
				3E64ADA929DEFD5300DCCF2E /* GameView.swift in Sources */,
				3EEF7F7129EEEC8E00EEBE9D /* AutofillSuggestionsView.swift in Sources */,
				3EEB998A29E43C4700514F79 /* CityImage.swift in Sources */,
				3E9C7D4929EDDD1D0073CCE4 /* CityGuessViewModel+DefaultBehavior.swift in Sources */,
				3E0A437029E5E2B100A9D2BE /* CityImagesResponse.swift in Sources */,
				3E065B6629EEE70F0057A250 /* ZoomableImage.swift in Sources */,
				3E64ADA729DEFD5300DCCF2E /* CityGuessApp.swift in Sources */,
				3E9C7D4B29EDDD6A0073CCE4 /* DailyChallengeViewModel.swift in Sources */,
				3E0A438B29E9C34400A9D2BE /* GameEndView.swift in Sources */,
				3EC3688F29F3032B00AE92D9 /* VerticalTextAnimationView.swift in Sources */,
				3EBC175F29F851D800A0B353 /* Answer.swift in Sources */,
				3E0A437229E84E1500A9D2BE /* TeleportApiClient.swift in Sources */,
				3E2B497E29F86F9E00260B88 /* HapticsManager.swift in Sources */,
				3EEB999B29E47CEB00514F79 /* LocalCityService.swift in Sources */,
			);
			runOnlyForDeploymentPostprocessing = 0;
		};
/* End PBXSourcesBuildPhase section */

/* Begin PBXTargetDependency section */
		3E2B498C29F97DBF00260B88 /* PBXTargetDependency */ = {
			isa = PBXTargetDependency;
			target = 3E64ADA229DEFD5300DCCF2E /* CityGuess */;
			targetProxy = 3E2B498B29F97DBF00260B88 /* PBXContainerItemProxy */;
		};
/* End PBXTargetDependency section */

/* Begin XCBuildConfiguration section */
		3E2B498E29F97DBF00260B88 /* Debug */ = {
			isa = XCBuildConfiguration;
			buildSettings = {
				BUNDLE_LOADER = "$(TEST_HOST)";
				CODE_SIGN_STYLE = Automatic;
				CURRENT_PROJECT_VERSION = 1;
				DEVELOPMENT_TEAM = PU4JAM9L7Q;
				GENERATE_INFOPLIST_FILE = YES;
				MARKETING_VERSION = 1.0;
				PRODUCT_BUNDLE_IDENTIFIER = com.tomphillipsmusic.CityGuessTests;
				PRODUCT_NAME = "$(TARGET_NAME)";
				SWIFT_EMIT_LOC_STRINGS = NO;
				SWIFT_VERSION = 5.0;
				TARGETED_DEVICE_FAMILY = "1,2";
				TEST_HOST = "$(BUILT_PRODUCTS_DIR)/CityGuess.app/$(BUNDLE_EXECUTABLE_FOLDER_PATH)/CityGuess";
			};
			name = Debug;
		};
		3E2B498F29F97DBF00260B88 /* Release */ = {
			isa = XCBuildConfiguration;
			buildSettings = {
				BUNDLE_LOADER = "$(TEST_HOST)";
				CODE_SIGN_STYLE = Automatic;
				CURRENT_PROJECT_VERSION = 1;
				DEVELOPMENT_TEAM = PU4JAM9L7Q;
				GENERATE_INFOPLIST_FILE = YES;
				MARKETING_VERSION = 1.0;
				PRODUCT_BUNDLE_IDENTIFIER = com.tomphillipsmusic.CityGuessTests;
				PRODUCT_NAME = "$(TARGET_NAME)";
				SWIFT_EMIT_LOC_STRINGS = NO;
				SWIFT_VERSION = 5.0;
				TARGETED_DEVICE_FAMILY = "1,2";
				TEST_HOST = "$(BUILT_PRODUCTS_DIR)/CityGuess.app/$(BUNDLE_EXECUTABLE_FOLDER_PATH)/CityGuess";
			};
			name = Release;
		};
		3E64ADAF29DEFD5400DCCF2E /* Debug */ = {
			isa = XCBuildConfiguration;
			buildSettings = {
				ALWAYS_SEARCH_USER_PATHS = NO;
				CLANG_ANALYZER_NONNULL = YES;
				CLANG_ANALYZER_NUMBER_OBJECT_CONVERSION = YES_AGGRESSIVE;
				CLANG_CXX_LANGUAGE_STANDARD = "gnu++20";
				CLANG_ENABLE_MODULES = YES;
				CLANG_ENABLE_OBJC_ARC = YES;
				CLANG_ENABLE_OBJC_WEAK = YES;
				CLANG_WARN_BLOCK_CAPTURE_AUTORELEASING = YES;
				CLANG_WARN_BOOL_CONVERSION = YES;
				CLANG_WARN_COMMA = YES;
				CLANG_WARN_CONSTANT_CONVERSION = YES;
				CLANG_WARN_DEPRECATED_OBJC_IMPLEMENTATIONS = YES;
				CLANG_WARN_DIRECT_OBJC_ISA_USAGE = YES_ERROR;
				CLANG_WARN_DOCUMENTATION_COMMENTS = YES;
				CLANG_WARN_EMPTY_BODY = YES;
				CLANG_WARN_ENUM_CONVERSION = YES;
				CLANG_WARN_INFINITE_RECURSION = YES;
				CLANG_WARN_INT_CONVERSION = YES;
				CLANG_WARN_NON_LITERAL_NULL_CONVERSION = YES;
				CLANG_WARN_OBJC_IMPLICIT_RETAIN_SELF = YES;
				CLANG_WARN_OBJC_LITERAL_CONVERSION = YES;
				CLANG_WARN_OBJC_ROOT_CLASS = YES_ERROR;
				CLANG_WARN_QUOTED_INCLUDE_IN_FRAMEWORK_HEADER = YES;
				CLANG_WARN_RANGE_LOOP_ANALYSIS = YES;
				CLANG_WARN_STRICT_PROTOTYPES = YES;
				CLANG_WARN_SUSPICIOUS_MOVE = YES;
				CLANG_WARN_UNGUARDED_AVAILABILITY = YES_AGGRESSIVE;
				CLANG_WARN_UNREACHABLE_CODE = YES;
				CLANG_WARN__DUPLICATE_METHOD_MATCH = YES;
				COPY_PHASE_STRIP = NO;
				DEBUG_INFORMATION_FORMAT = dwarf;
				ENABLE_STRICT_OBJC_MSGSEND = YES;
				ENABLE_TESTABILITY = YES;
				GCC_C_LANGUAGE_STANDARD = gnu11;
				GCC_DYNAMIC_NO_PIC = NO;
				GCC_NO_COMMON_BLOCKS = YES;
				GCC_OPTIMIZATION_LEVEL = 0;
				GCC_PREPROCESSOR_DEFINITIONS = (
					"DEBUG=1",
					"$(inherited)",
				);
				GCC_WARN_64_TO_32_BIT_CONVERSION = YES;
				GCC_WARN_ABOUT_RETURN_TYPE = YES_ERROR;
				GCC_WARN_UNDECLARED_SELECTOR = YES;
				GCC_WARN_UNINITIALIZED_AUTOS = YES_AGGRESSIVE;
				GCC_WARN_UNUSED_FUNCTION = YES;
				GCC_WARN_UNUSED_VARIABLE = YES;
				IPHONEOS_DEPLOYMENT_TARGET = 16.2;
				MTL_ENABLE_DEBUG_INFO = INCLUDE_SOURCE;
				MTL_FAST_MATH = YES;
				ONLY_ACTIVE_ARCH = YES;
				SDKROOT = iphoneos;
				SWIFT_ACTIVE_COMPILATION_CONDITIONS = DEBUG;
				SWIFT_OPTIMIZATION_LEVEL = "-Onone";
			};
			name = Debug;
		};
		3E64ADB029DEFD5400DCCF2E /* Release */ = {
			isa = XCBuildConfiguration;
			buildSettings = {
				ALWAYS_SEARCH_USER_PATHS = NO;
				CLANG_ANALYZER_NONNULL = YES;
				CLANG_ANALYZER_NUMBER_OBJECT_CONVERSION = YES_AGGRESSIVE;
				CLANG_CXX_LANGUAGE_STANDARD = "gnu++20";
				CLANG_ENABLE_MODULES = YES;
				CLANG_ENABLE_OBJC_ARC = YES;
				CLANG_ENABLE_OBJC_WEAK = YES;
				CLANG_WARN_BLOCK_CAPTURE_AUTORELEASING = YES;
				CLANG_WARN_BOOL_CONVERSION = YES;
				CLANG_WARN_COMMA = YES;
				CLANG_WARN_CONSTANT_CONVERSION = YES;
				CLANG_WARN_DEPRECATED_OBJC_IMPLEMENTATIONS = YES;
				CLANG_WARN_DIRECT_OBJC_ISA_USAGE = YES_ERROR;
				CLANG_WARN_DOCUMENTATION_COMMENTS = YES;
				CLANG_WARN_EMPTY_BODY = YES;
				CLANG_WARN_ENUM_CONVERSION = YES;
				CLANG_WARN_INFINITE_RECURSION = YES;
				CLANG_WARN_INT_CONVERSION = YES;
				CLANG_WARN_NON_LITERAL_NULL_CONVERSION = YES;
				CLANG_WARN_OBJC_IMPLICIT_RETAIN_SELF = YES;
				CLANG_WARN_OBJC_LITERAL_CONVERSION = YES;
				CLANG_WARN_OBJC_ROOT_CLASS = YES_ERROR;
				CLANG_WARN_QUOTED_INCLUDE_IN_FRAMEWORK_HEADER = YES;
				CLANG_WARN_RANGE_LOOP_ANALYSIS = YES;
				CLANG_WARN_STRICT_PROTOTYPES = YES;
				CLANG_WARN_SUSPICIOUS_MOVE = YES;
				CLANG_WARN_UNGUARDED_AVAILABILITY = YES_AGGRESSIVE;
				CLANG_WARN_UNREACHABLE_CODE = YES;
				CLANG_WARN__DUPLICATE_METHOD_MATCH = YES;
				COPY_PHASE_STRIP = NO;
				DEBUG_INFORMATION_FORMAT = "dwarf-with-dsym";
				ENABLE_NS_ASSERTIONS = NO;
				ENABLE_STRICT_OBJC_MSGSEND = YES;
				GCC_C_LANGUAGE_STANDARD = gnu11;
				GCC_NO_COMMON_BLOCKS = YES;
				GCC_WARN_64_TO_32_BIT_CONVERSION = YES;
				GCC_WARN_ABOUT_RETURN_TYPE = YES_ERROR;
				GCC_WARN_UNDECLARED_SELECTOR = YES;
				GCC_WARN_UNINITIALIZED_AUTOS = YES_AGGRESSIVE;
				GCC_WARN_UNUSED_FUNCTION = YES;
				GCC_WARN_UNUSED_VARIABLE = YES;
				IPHONEOS_DEPLOYMENT_TARGET = 16.2;
				MTL_ENABLE_DEBUG_INFO = NO;
				MTL_FAST_MATH = YES;
				SDKROOT = iphoneos;
				SWIFT_COMPILATION_MODE = wholemodule;
				SWIFT_OPTIMIZATION_LEVEL = "-O";
				VALIDATE_PRODUCT = YES;
			};
			name = Release;
		};
		3E64ADB229DEFD5400DCCF2E /* Debug */ = {
			isa = XCBuildConfiguration;
			buildSettings = {
				ASSETCATALOG_COMPILER_APPICON_NAME = AppIcon;
				ASSETCATALOG_COMPILER_GLOBAL_ACCENT_COLOR_NAME = AccentColor;
				CODE_SIGN_STYLE = Automatic;
				CURRENT_PROJECT_VERSION = 1;
				DEVELOPMENT_ASSET_PATHS = "\"CityGuess/Preview Content\"";
				DEVELOPMENT_TEAM = PU4JAM9L7Q;
				ENABLE_PREVIEWS = YES;
				GENERATE_INFOPLIST_FILE = YES;
				INFOPLIST_KEY_UIApplicationSceneManifest_Generation = YES;
				INFOPLIST_KEY_UIApplicationSupportsIndirectInputEvents = YES;
				INFOPLIST_KEY_UILaunchScreen_Generation = YES;
				INFOPLIST_KEY_UISupportedInterfaceOrientations_iPad = "UIInterfaceOrientationPortrait UIInterfaceOrientationPortraitUpsideDown UIInterfaceOrientationLandscapeLeft UIInterfaceOrientationLandscapeRight";
				INFOPLIST_KEY_UISupportedInterfaceOrientations_iPhone = "UIInterfaceOrientationPortrait UIInterfaceOrientationLandscapeLeft UIInterfaceOrientationLandscapeRight";
				LD_RUNPATH_SEARCH_PATHS = (
					"$(inherited)",
					"@executable_path/Frameworks",
				);
				MARKETING_VERSION = 1.0;
				PRODUCT_BUNDLE_IDENTIFIER = com.tomphillipsmusic.CityGuess;
				PRODUCT_NAME = "$(TARGET_NAME)";
				SWIFT_EMIT_LOC_STRINGS = YES;
				SWIFT_VERSION = 5.0;
				TARGETED_DEVICE_FAMILY = "1,2";
			};
			name = Debug;
		};
		3E64ADB329DEFD5400DCCF2E /* Release */ = {
			isa = XCBuildConfiguration;
			buildSettings = {
				ASSETCATALOG_COMPILER_APPICON_NAME = AppIcon;
				ASSETCATALOG_COMPILER_GLOBAL_ACCENT_COLOR_NAME = AccentColor;
				CODE_SIGN_STYLE = Automatic;
				CURRENT_PROJECT_VERSION = 1;
				DEVELOPMENT_ASSET_PATHS = "\"CityGuess/Preview Content\"";
				DEVELOPMENT_TEAM = PU4JAM9L7Q;
				ENABLE_PREVIEWS = YES;
				GENERATE_INFOPLIST_FILE = YES;
				INFOPLIST_KEY_UIApplicationSceneManifest_Generation = YES;
				INFOPLIST_KEY_UIApplicationSupportsIndirectInputEvents = YES;
				INFOPLIST_KEY_UILaunchScreen_Generation = YES;
				INFOPLIST_KEY_UISupportedInterfaceOrientations_iPad = "UIInterfaceOrientationPortrait UIInterfaceOrientationPortraitUpsideDown UIInterfaceOrientationLandscapeLeft UIInterfaceOrientationLandscapeRight";
				INFOPLIST_KEY_UISupportedInterfaceOrientations_iPhone = "UIInterfaceOrientationPortrait UIInterfaceOrientationLandscapeLeft UIInterfaceOrientationLandscapeRight";
				LD_RUNPATH_SEARCH_PATHS = (
					"$(inherited)",
					"@executable_path/Frameworks",
				);
				MARKETING_VERSION = 1.0;
				PRODUCT_BUNDLE_IDENTIFIER = com.tomphillipsmusic.CityGuess;
				PRODUCT_NAME = "$(TARGET_NAME)";
				SWIFT_EMIT_LOC_STRINGS = YES;
				SWIFT_VERSION = 5.0;
				TARGETED_DEVICE_FAMILY = "1,2";
			};
			name = Release;
		};
/* End XCBuildConfiguration section */

/* Begin XCConfigurationList section */
		3E2B498D29F97DBF00260B88 /* Build configuration list for PBXNativeTarget "CityGuessTests" */ = {
			isa = XCConfigurationList;
			buildConfigurations = (
				3E2B498E29F97DBF00260B88 /* Debug */,
				3E2B498F29F97DBF00260B88 /* Release */,
			);
			defaultConfigurationIsVisible = 0;
			defaultConfigurationName = Release;
		};
		3E64AD9E29DEFD5300DCCF2E /* Build configuration list for PBXProject "CityGuess" */ = {
			isa = XCConfigurationList;
			buildConfigurations = (
				3E64ADAF29DEFD5400DCCF2E /* Debug */,
				3E64ADB029DEFD5400DCCF2E /* Release */,
			);
			defaultConfigurationIsVisible = 0;
			defaultConfigurationName = Release;
		};
		3E64ADB129DEFD5400DCCF2E /* Build configuration list for PBXNativeTarget "CityGuess" */ = {
			isa = XCConfigurationList;
			buildConfigurations = (
				3E64ADB229DEFD5400DCCF2E /* Debug */,
				3E64ADB329DEFD5400DCCF2E /* Release */,
			);
			defaultConfigurationIsVisible = 0;
			defaultConfigurationName = Release;
		};
/* End XCConfigurationList section */

/* Begin XCRemoteSwiftPackageReference section */
		3E0A439029E9E3E700A9D2BE /* XCRemoteSwiftPackageReference "swiftui-cached-async-image" */ = {
			isa = XCRemoteSwiftPackageReference;
			repositoryURL = "https://github.com/lorenzofiamingo/swiftui-cached-async-image";
			requirement = {
				kind = upToNextMajorVersion;
				minimumVersion = 2.0.0;
			};
		};
		3EEB998629DF69AC00514F79 /* XCRemoteSwiftPackageReference "SwiftUl" */ = {
			isa = XCRemoteSwiftPackageReference;
			repositoryURL = "https://github.com/sibutrip/SwiftUl";
			requirement = {
				branch = main;
				kind = branch;
			};
		};
		3EEF7F7A29F2BF5600EEBE9D /* XCRemoteSwiftPackageReference "lottie-ios" */ = {
			isa = XCRemoteSwiftPackageReference;
			repositoryURL = "https://github.com/airbnb/lottie-ios.git";
			requirement = {
				branch = master;
				kind = branch;
			};
		};
/* End XCRemoteSwiftPackageReference section */

/* Begin XCSwiftPackageProductDependency section */
		3E0A439129E9E3E700A9D2BE /* CachedAsyncImage */ = {
			isa = XCSwiftPackageProductDependency;
			package = 3E0A439029E9E3E700A9D2BE /* XCRemoteSwiftPackageReference "swiftui-cached-async-image" */;
			productName = CachedAsyncImage;
		};
		3EEF7F7B29F2BF5600EEBE9D /* Lottie */ = {
			isa = XCSwiftPackageProductDependency;
			package = 3EEF7F7A29F2BF5600EEBE9D /* XCRemoteSwiftPackageReference "lottie-ios" */;
			productName = Lottie;
		};
/* End XCSwiftPackageProductDependency section */
	};
	rootObject = 3E64AD9B29DEFD5300DCCF2E /* Project object */;
}
